
Microsoft Visual Studio Solution File, Format Version 12.00
# Visual Studio Version 16
VisualStudioVersion = 16.0.31729.503
MinimumVisualStudioVersion = 10.0.40219.1
Project("{FAE04EC0-301F-11D3-BF4B-00C04F79EFBC}") = "StudentManagementSystem2", "StudentManagementSystem2.csproj", "{DFECBCEF-4DE2-4E18-8C9D-117DE5D62411}"
EndProject
Global
	GlobalSection(SolutionConfigurationPlatforms) = preSolution
		Debug|Any CPU = Debug|Any CPU
		Release|Any CPU = Release|Any CPU
	EndGlobalSection
	GlobalSection(ProjectConfigurationPlatforms) = postSolution
		{DFECBCEF-4DE2-4E18-8C9D-117DE5D62411}.Debug|Any CPU.ActiveCfg = Debug|Any CPU
		{DFECBCEF-4DE2-4E18-8C9D-117DE5D62411}.Debug|Any CPU.Build.0 = Debug|Any CPU
		{DFECBCEF-4DE2-4E18-8C9D-117DE5D62411}.Release|Any CPU.ActiveCfg = Release|Any CPU
		{DFECBCEF-4DE2-4E18-8C9D-117DE5D62411}.Release|Any CPU.Build.0 = Release|Any CPU
	EndGlobalSection
	GlobalSection(SolutionProperties) = preSolution
		HideSolutionNode = FALSE
	EndGlobalSection
	GlobalSection(ExtensibilityGlobals) = postSolution
		SolutionGuid = {3692AF34-7DD7-4345-A95A-EA2A7DC9722A}
	EndGlobalSection
EndGlobal
